
Microsoft Visual Studio Solution File, Format Version 12.00
# Visual Studio 15
VisualStudioVersion = 15.0.27703.2000
MinimumVisualStudioVersion = 10.0.40219.1
Project("{9A19103F-16F7-4668-BE54-9A1E7A4F7556}") = "demomsptechday.web", "demomsptechday.web\demomsptechday.web.csproj", "{C9ACF4EB-2543-4B47-A49D-56B3BCC76B29}"
EndProject
Global
	GlobalSection(SolutionConfigurationPlatforms) = preSolution
		Debug|Any CPU = Debug|Any CPU
		Release|Any CPU = Release|Any CPU
	EndGlobalSection
	GlobalSection(ProjectConfigurationPlatforms) = postSolution
		{C9ACF4EB-2543-4B47-A49D-56B3BCC76B29}.Debug|Any CPU.ActiveCfg = Debug|Any CPU
		{C9ACF4EB-2543-4B47-A49D-56B3BCC76B29}.Debug|Any CPU.Build.0 = Debug|Any CPU
		{C9ACF4EB-2543-4B47-A49D-56B3BCC76B29}.Release|Any CPU.ActiveCfg = Release|Any CPU
		{C9ACF4EB-2543-4B47-A49D-56B3BCC76B29}.Release|Any CPU.Build.0 = Release|Any CPU
	EndGlobalSection
	GlobalSection(SolutionProperties) = preSolution
		HideSolutionNode = FALSE
	EndGlobalSection
	GlobalSection(ExtensibilityGlobals) = postSolution
		SolutionGuid = {A999FD41-6702-4896-891A-21EC205F663D}
	EndGlobalSection
EndGlobal
